
Microsoft Visual Studio Solution File, Format Version 12.00
# Visual Studio Version 16
VisualStudioVersion = 16.0.34031.81
MinimumVisualStudioVersion = 10.0.40219.1
Project("{2150E333-8FDC-42A3-9474-1A3956D46DE8}") = "Task0", "Task0", "{7C3FADF0-A466-466A-9B48-A33E34403809}"
EndProject
Project("{FAE04EC0-301F-11D3-BF4B-00C04F79EFBC}") = "Tyuiu.ShadrinEA.Sprint1.Task0.V25", "Tyuiu.ShadrinEA.Sprint1.Task0.V0\Tyuiu.ShadrinEA.Sprint1.Task0.V25.csproj", "{9A7EC063-C80C-41B0-A5BE-8F994BB625AC}"
EndProject
Project("{FAE04EC0-301F-11D3-BF4B-00C04F79EFBC}") = "Tyuiu.ShadrinEA.Sprint1.Task0.V25.Lib", "Tyuiu.ShadrinEA.Sprint1.Task0.V0.Lib\Tyuiu.ShadrinEA.Sprint1.Task0.V25.Lib.csproj", "{0105A8A1-B3B6-4995-8982-95CCF9214D5B}"
EndProject
Project("{FAE04EC0-301F-11D3-BF4B-00C04F79EFBC}") = "Tyuiu.ShadrinEA.Sprint1.Task0.V25.Test", "Tyuiu.ShadrinEA.Sprint1.Task0.V0.Test\Tyuiu.ShadrinEA.Sprint1.Task0.V25.Test.csproj", "{12CD5316-EA15-4E0B-8E03-A04C410A9BE2}"
EndProject
Project("{2150E333-8FDC-42A3-9474-1A3956D46DE8}") = "Task1", "Task1", "{823EAB85-9523-4B6A-A332-0E639C8A1B6D}"
EndProject
Project("{FAE04EC0-301F-11D3-BF4B-00C04F79EFBC}") = "Tyuiu.ShadrinEA.Sprint1.Task1.V24", "Tyuiu.ShadrinEA.Sprint1.Task1.V24\Tyuiu.ShadrinEA.Sprint1.Task1.V24.csproj", "{9C0FF53F-9E57-4C36-8D8C-C35AB5FED01A}"
EndProject
Project("{FAE04EC0-301F-11D3-BF4B-00C04F79EFBC}") = "Tyuiu.ShadrinEA.Sprint1.Task1.V24.Lib", "Tyuiu.ShadrinEA.Sprint1.Task1.V24.Lib\Tyuiu.ShadrinEA.Sprint1.Task1.V24.Lib.csproj", "{921B75DB-BC8C-4193-8D4E-EF08CEDF39B2}"
EndProject
Project("{FAE04EC0-301F-11D3-BF4B-00C04F79EFBC}") = "Tyuiu.ShadrinEA.Sprint1.Task1.V24.Test", "Tyuiu.ShadrinEA.Sprint1.Task1.V24.Test\Tyuiu.ShadrinEA.Sprint1.Task1.V24.Test.csproj", "{871F00EE-84A0-47C0-AC39-6235E52408D0}"
EndProject
Project("{2150E333-8FDC-42A3-9474-1A3956D46DE8}") = "Task2", "Task2", "{20257976-FAD5-4CCB-A360-7F838B6A0127}"
EndProject
Project("{FAE04EC0-301F-11D3-BF4B-00C04F79EFBC}") = "Tyuiu.ShadrinEA.Sprint1.Task2.V21", "Tyuiu.ShadrinEA.Sprint1.Task2.V0\Tyuiu.ShadrinEA.Sprint1.Task2.V21.csproj", "{EA52E6F4-9FFB-4724-AEEE-4EBDCA40C2AF}"
EndProject
Project("{FAE04EC0-301F-11D3-BF4B-00C04F79EFBC}") = "Tyuiu.ShadrinEA.Sprint1.Task2.V21.Lib", "Tyuiu.ShadrinEA.Sprint1.Task2.V21.Lib\Tyuiu.ShadrinEA.Sprint1.Task2.V21.Lib.csproj", "{21578BA5-2D29-4616-A32D-E219F9CE2F89}"
EndProject
Project("{FAE04EC0-301F-11D3-BF4B-00C04F79EFBC}") = "Tyuiu.ShadrinEA.Sprint1.Task2.V21.Test", "Tyuiu.ShadrinEA.Sprint1.Task0.V21.Test\Tyuiu.ShadrinEA.Sprint1.Task2.V21.Test.csproj", "{8D232AE4-C4FC-4D41-AF43-F21A523EEF7F}"
EndProject
Project("{2150E333-8FDC-42A3-9474-1A3956D46DE8}") = "Task3", "Task3", "{5BA70483-DC18-455E-97E8-AA0C365228B9}"
EndProject
Project("{FAE04EC0-301F-11D3-BF4B-00C04F79EFBC}") = "Tyuiu.ShadrinEA.Sprint1.Task3.V3", "Tyuiu.ShadrinEA.Sprint1.Task3.V3\Tyuiu.ShadrinEA.Sprint1.Task3.V3.csproj", "{2E7EBEEC-AA65-4DA8-9FA9-6BE58E50EB14}"
EndProject
Project("{FAE04EC0-301F-11D3-BF4B-00C04F79EFBC}") = "Tyuiu.ShadrinEA.Sprint1.Task3.V3.Lib", "Tyuiu.ShadrinEA.Sprint1.Task3.V3.Lib\Tyuiu.ShadrinEA.Sprint1.Task3.V3.Lib.csproj", "{0148EDF1-CF90-4EA4-B7EA-DC17747414C7}"
EndProject
Project("{FAE04EC0-301F-11D3-BF4B-00C04F79EFBC}") = "Tyuiu.ShadrinEA.Sprint1.Task3.V3.Test", "Tyuiu.ShadrinEA.Sprint1.Task3.V3.Test\Tyuiu.ShadrinEA.Sprint1.Task3.V3.Test.csproj", "{BAF6EE3C-3E6B-4530-AD36-E66CC2ACFD6E}"
EndProject
Project("{2150E333-8FDC-42A3-9474-1A3956D46DE8}") = "Task4", "Task4", "{F3B4DF94-499D-4A73-8757-5FAD2D0C06A2}"
EndProject
Project("{FAE04EC0-301F-11D3-BF4B-00C04F79EFBC}") = "Tyuiu.ShadrinEA.Sprint1.Task4.V1", "Tyuiu.ShadrinEA.Sprint1.Task4.V1\Tyuiu.ShadrinEA.Sprint1.Task4.V1.csproj", "{1079C2D5-C946-4C7F-A756-8EA48ED3C387}"
EndProject
Project("{FAE04EC0-301F-11D3-BF4B-00C04F79EFBC}") = "Tyuiu.ShadrinEA.Sprint1.Task4.V1.Lib", "Tyuiu.ShadrinEA.Sprint1.Task4.V1.Lib\Tyuiu.ShadrinEA.Sprint1.Task4.V1.Lib.csproj", "{4C57AFAA-B1B8-4554-9816-55CEC008CB75}"
EndProject
Project("{FAE04EC0-301F-11D3-BF4B-00C04F79EFBC}") = "Tyuiu.ShadrinEA.Sprint1.Task4.V1.Tast", "Tyuiu.ShadrinEA.Sprint1.Task4.V1.Tast\Tyuiu.ShadrinEA.Sprint1.Task4.V1.Tast.csproj", "{FECCE4BC-6BD2-43BB-BADA-90F5C0418C38}"
EndProject
Project("{2150E333-8FDC-42A3-9474-1A3956D46DE8}") = "Task6", "Task6", "{C875DEFB-4EF2-469C-BE80-7B07A930D259}"
EndProject
Project("{FAE04EC0-301F-11D3-BF4B-00C04F79EFBC}") = "Tyuiu.ShadrinEA.Sprint1.Task6.V10", "Tyuiu.ShadrinEA.Sprint1.Task6.V10\Tyuiu.ShadrinEA.Sprint1.Task6.V10.csproj", "{D011070F-7EBF-4732-93B6-07F38867C19D}"
EndProject
Project("{FAE04EC0-301F-11D3-BF4B-00C04F79EFBC}") = "Tyuiu.ShadrinEA.Sprint1.Task6.V10.Lib", "Tyuiu.ShadrinEA.Sprint1.Task6.V10.Lib\Tyuiu.ShadrinEA.Sprint1.Task6.V10.Lib.csproj", "{4AC7DB18-043B-4DEF-8EE4-0CF472BE46B6}"
EndProject
Project("{FAE04EC0-301F-11D3-BF4B-00C04F79EFBC}") = "Tyuiu.ShadrinEA.Sprint1.Task6.V10.Test", "Tyuiu.ShadrinEA.Sprint1.Task6.V10.Test\Tyuiu.ShadrinEA.Sprint1.Task6.V10.Test.csproj", "{22C9BBBF-EB4E-4463-8F38-39037B99DEB8}"
EndProject
Global
	GlobalSection(SolutionConfigurationPlatforms) = preSolution
		Debug|Any CPU = Debug|Any CPU
		Release|Any CPU = Release|Any CPU
	EndGlobalSection
	GlobalSection(ProjectConfigurationPlatforms) = postSolution
		{9A7EC063-C80C-41B0-A5BE-8F994BB625AC}.Debug|Any CPU.ActiveCfg = Debug|Any CPU
		{9A7EC063-C80C-41B0-A5BE-8F994BB625AC}.Debug|Any CPU.Build.0 = Debug|Any CPU
		{9A7EC063-C80C-41B0-A5BE-8F994BB625AC}.Release|Any CPU.ActiveCfg = Release|Any CPU
		{9A7EC063-C80C-41B0-A5BE-8F994BB625AC}.Release|Any CPU.Build.0 = Release|Any CPU
		{0105A8A1-B3B6-4995-8982-95CCF9214D5B}.Debug|Any CPU.ActiveCfg = Debug|Any CPU
		{0105A8A1-B3B6-4995-8982-95CCF9214D5B}.Debug|Any CPU.Build.0 = Debug|Any CPU
		{0105A8A1-B3B6-4995-8982-95CCF9214D5B}.Release|Any CPU.ActiveCfg = Release|Any CPU
		{0105A8A1-B3B6-4995-8982-95CCF9214D5B}.Release|Any CPU.Build.0 = Release|Any CPU
		{12CD5316-EA15-4E0B-8E03-A04C410A9BE2}.Debug|Any CPU.ActiveCfg = Debug|Any CPU
		{12CD5316-EA15-4E0B-8E03-A04C410A9BE2}.Debug|Any CPU.Build.0 = Debug|Any CPU
		{12CD5316-EA15-4E0B-8E03-A04C410A9BE2}.Release|Any CPU.ActiveCfg = Release|Any CPU
		{12CD5316-EA15-4E0B-8E03-A04C410A9BE2}.Release|Any CPU.Build.0 = Release|Any CPU
		{9C0FF53F-9E57-4C36-8D8C-C35AB5FED01A}.Debug|Any CPU.ActiveCfg = Debug|Any CPU
		{9C0FF53F-9E57-4C36-8D8C-C35AB5FED01A}.Debug|Any CPU.Build.0 = Debug|Any CPU
		{9C0FF53F-9E57-4C36-8D8C-C35AB5FED01A}.Release|Any CPU.ActiveCfg = Release|Any CPU
		{9C0FF53F-9E57-4C36-8D8C-C35AB5FED01A}.Release|Any CPU.Build.0 = Release|Any CPU
		{921B75DB-BC8C-4193-8D4E-EF08CEDF39B2}.Debug|Any CPU.ActiveCfg = Debug|Any CPU
		{921B75DB-BC8C-4193-8D4E-EF08CEDF39B2}.Debug|Any CPU.Build.0 = Debug|Any CPU
		{921B75DB-BC8C-4193-8D4E-EF08CEDF39B2}.Release|Any CPU.ActiveCfg = Release|Any CPU
		{921B75DB-BC8C-4193-8D4E-EF08CEDF39B2}.Release|Any CPU.Build.0 = Release|Any CPU
		{871F00EE-84A0-47C0-AC39-6235E52408D0}.Debug|Any CPU.ActiveCfg = Debug|Any CPU
		{871F00EE-84A0-47C0-AC39-6235E52408D0}.Debug|Any CPU.Build.0 = Debug|Any CPU
		{871F00EE-84A0-47C0-AC39-6235E52408D0}.Release|Any CPU.ActiveCfg = Release|Any CPU
		{871F00EE-84A0-47C0-AC39-6235E52408D0}.Release|Any CPU.Build.0 = Release|Any CPU
		{EA52E6F4-9FFB-4724-AEEE-4EBDCA40C2AF}.Debug|Any CPU.ActiveCfg = Debug|Any CPU
		{EA52E6F4-9FFB-4724-AEEE-4EBDCA40C2AF}.Debug|Any CPU.Build.0 = Debug|Any CPU
		{EA52E6F4-9FFB-4724-AEEE-4EBDCA40C2AF}.Release|Any CPU.ActiveCfg = Release|Any CPU
		{EA52E6F4-9FFB-4724-AEEE-4EBDCA40C2AF}.Release|Any CPU.Build.0 = Release|Any CPU
		{21578BA5-2D29-4616-A32D-E219F9CE2F89}.Debug|Any CPU.ActiveCfg = Debug|Any CPU
		{21578BA5-2D29-4616-A32D-E219F9CE2F89}.Debug|Any CPU.Build.0 = Debug|Any CPU
		{21578BA5-2D29-4616-A32D-E219F9CE2F89}.Release|Any CPU.ActiveCfg = Release|Any CPU
		{21578BA5-2D29-4616-A32D-E219F9CE2F89}.Release|Any CPU.Build.0 = Release|Any CPU
		{8D232AE4-C4FC-4D41-AF43-F21A523EEF7F}.Debug|Any CPU.ActiveCfg = Debug|Any CPU
		{8D232AE4-C4FC-4D41-AF43-F21A523EEF7F}.Debug|Any CPU.Build.0 = Debug|Any CPU
		{8D232AE4-C4FC-4D41-AF43-F21A523EEF7F}.Release|Any CPU.ActiveCfg = Release|Any CPU
		{8D232AE4-C4FC-4D41-AF43-F21A523EEF7F}.Release|Any CPU.Build.0 = Release|Any CPU
		{2E7EBEEC-AA65-4DA8-9FA9-6BE58E50EB14}.Debug|Any CPU.ActiveCfg = Debug|Any CPU
		{2E7EBEEC-AA65-4DA8-9FA9-6BE58E50EB14}.Debug|Any CPU.Build.0 = Debug|Any CPU
		{2E7EBEEC-AA65-4DA8-9FA9-6BE58E50EB14}.Release|Any CPU.ActiveCfg = Release|Any CPU
		{2E7EBEEC-AA65-4DA8-9FA9-6BE58E50EB14}.Release|Any CPU.Build.0 = Release|Any CPU
		{0148EDF1-CF90-4EA4-B7EA-DC17747414C7}.Debug|Any CPU.ActiveCfg = Debug|Any CPU
		{0148EDF1-CF90-4EA4-B7EA-DC17747414C7}.Debug|Any CPU.Build.0 = Debug|Any CPU
		{0148EDF1-CF90-4EA4-B7EA-DC17747414C7}.Release|Any CPU.ActiveCfg = Release|Any CPU
		{0148EDF1-CF90-4EA4-B7EA-DC17747414C7}.Release|Any CPU.Build.0 = Release|Any CPU
		{BAF6EE3C-3E6B-4530-AD36-E66CC2ACFD6E}.Debug|Any CPU.ActiveCfg = Debug|Any CPU
		{BAF6EE3C-3E6B-4530-AD36-E66CC2ACFD6E}.Debug|Any CPU.Build.0 = Debug|Any CPU
		{BAF6EE3C-3E6B-4530-AD36-E66CC2ACFD6E}.Release|Any CPU.ActiveCfg = Release|Any CPU
		{BAF6EE3C-3E6B-4530-AD36-E66CC2ACFD6E}.Release|Any CPU.Build.0 = Release|Any CPU
		{1079C2D5-C946-4C7F-A756-8EA48ED3C387}.Debug|Any CPU.ActiveCfg = Debug|Any CPU
		{1079C2D5-C946-4C7F-A756-8EA48ED3C387}.Debug|Any CPU.Build.0 = Debug|Any CPU
		{1079C2D5-C946-4C7F-A756-8EA48ED3C387}.Release|Any CPU.ActiveCfg = Release|Any CPU
		{1079C2D5-C946-4C7F-A756-8EA48ED3C387}.Release|Any CPU.Build.0 = Release|Any CPU
		{4C57AFAA-B1B8-4554-9816-55CEC008CB75}.Debug|Any CPU.ActiveCfg = Debug|Any CPU
		{4C57AFAA-B1B8-4554-9816-55CEC008CB75}.Debug|Any CPU.Build.0 = Debug|Any CPU
		{4C57AFAA-B1B8-4554-9816-55CEC008CB75}.Release|Any CPU.ActiveCfg = Release|Any CPU
		{4C57AFAA-B1B8-4554-9816-55CEC008CB75}.Release|Any CPU.Build.0 = Release|Any CPU
		{FECCE4BC-6BD2-43BB-BADA-90F5C0418C38}.Debug|Any CPU.ActiveCfg = Debug|Any CPU
		{FECCE4BC-6BD2-43BB-BADA-90F5C0418C38}.Debug|Any CPU.Build.0 = Debug|Any CPU
		{FECCE4BC-6BD2-43BB-BADA-90F5C0418C38}.Release|Any CPU.ActiveCfg = Release|Any CPU
		{FECCE4BC-6BD2-43BB-BADA-90F5C0418C38}.Release|Any CPU.Build.0 = Release|Any CPU
		{D011070F-7EBF-4732-93B6-07F38867C19D}.Debug|Any CPU.ActiveCfg = Debug|Any CPU
		{D011070F-7EBF-4732-93B6-07F38867C19D}.Debug|Any CPU.Build.0 = Debug|Any CPU
		{D011070F-7EBF-4732-93B6-07F38867C19D}.Release|Any CPU.ActiveCfg = Release|Any CPU
		{D011070F-7EBF-4732-93B6-07F38867C19D}.Release|Any CPU.Build.0 = Release|Any CPU
		{4AC7DB18-043B-4DEF-8EE4-0CF472BE46B6}.Debug|Any CPU.ActiveCfg = Debug|Any CPU
		{4AC7DB18-043B-4DEF-8EE4-0CF472BE46B6}.Debug|Any CPU.Build.0 = Debug|Any CPU
		{4AC7DB18-043B-4DEF-8EE4-0CF472BE46B6}.Release|Any CPU.ActiveCfg = Release|Any CPU
		{4AC7DB18-043B-4DEF-8EE4-0CF472BE46B6}.Release|Any CPU.Build.0 = Release|Any CPU
		{22C9BBBF-EB4E-4463-8F38-39037B99DEB8}.Debug|Any CPU.ActiveCfg = Debug|Any CPU
		{22C9BBBF-EB4E-4463-8F38-39037B99DEB8}.Debug|Any CPU.Build.0 = Debug|Any CPU
		{22C9BBBF-EB4E-4463-8F38-39037B99DEB8}.Release|Any CPU.ActiveCfg = Release|Any CPU
		{22C9BBBF-EB4E-4463-8F38-39037B99DEB8}.Release|Any CPU.Build.0 = Release|Any CPU
	EndGlobalSection
	GlobalSection(SolutionProperties) = preSolution
		HideSolutionNode = FALSE
	EndGlobalSection
	GlobalSection(NestedProjects) = preSolution
		{9A7EC063-C80C-41B0-A5BE-8F994BB625AC} = {7C3FADF0-A466-466A-9B48-A33E34403809}
		{0105A8A1-B3B6-4995-8982-95CCF9214D5B} = {7C3FADF0-A466-466A-9B48-A33E34403809}
		{12CD5316-EA15-4E0B-8E03-A04C410A9BE2} = {7C3FADF0-A466-466A-9B48-A33E34403809}
		{9C0FF53F-9E57-4C36-8D8C-C35AB5FED01A} = {823EAB85-9523-4B6A-A332-0E639C8A1B6D}
		{921B75DB-BC8C-4193-8D4E-EF08CEDF39B2} = {823EAB85-9523-4B6A-A332-0E639C8A1B6D}
		{871F00EE-84A0-47C0-AC39-6235E52408D0} = {823EAB85-9523-4B6A-A332-0E639C8A1B6D}
		{EA52E6F4-9FFB-4724-AEEE-4EBDCA40C2AF} = {20257976-FAD5-4CCB-A360-7F838B6A0127}
		{21578BA5-2D29-4616-A32D-E219F9CE2F89} = {20257976-FAD5-4CCB-A360-7F838B6A0127}
		{8D232AE4-C4FC-4D41-AF43-F21A523EEF7F} = {20257976-FAD5-4CCB-A360-7F838B6A0127}
		{2E7EBEEC-AA65-4DA8-9FA9-6BE58E50EB14} = {5BA70483-DC18-455E-97E8-AA0C365228B9}
		{0148EDF1-CF90-4EA4-B7EA-DC17747414C7} = {5BA70483-DC18-455E-97E8-AA0C365228B9}
		{BAF6EE3C-3E6B-4530-AD36-E66CC2ACFD6E} = {5BA70483-DC18-455E-97E8-AA0C365228B9}
		{1079C2D5-C946-4C7F-A756-8EA48ED3C387} = {F3B4DF94-499D-4A73-8757-5FAD2D0C06A2}
		{4C57AFAA-B1B8-4554-9816-55CEC008CB75} = {F3B4DF94-499D-4A73-8757-5FAD2D0C06A2}
		{FECCE4BC-6BD2-43BB-BADA-90F5C0418C38} = {F3B4DF94-499D-4A73-8757-5FAD2D0C06A2}
		{D011070F-7EBF-4732-93B6-07F38867C19D} = {C875DEFB-4EF2-469C-BE80-7B07A930D259}
		{4AC7DB18-043B-4DEF-8EE4-0CF472BE46B6} = {C875DEFB-4EF2-469C-BE80-7B07A930D259}
		{22C9BBBF-EB4E-4463-8F38-39037B99DEB8} = {C875DEFB-4EF2-469C-BE80-7B07A930D259}
	EndGlobalSection
	GlobalSection(ExtensibilityGlobals) = postSolution
		SolutionGuid = {14D3C47F-30EC-42D9-AF84-3526FFC22C86}
	EndGlobalSection
EndGlobal
