
Microsoft Visual Studio Solution File, Format Version 12.00
# Visual Studio Version 16
VisualStudioVersion = 16.0.34031.81
MinimumVisualStudioVersion = 10.0.40219.1
Project("{2150E333-8FDC-42A3-9474-1A3956D46DE8}") = "Task0", "Task0", "{7C3FADF0-A466-466A-9B48-A33E34403809}"
EndProject
Project("{FAE04EC0-301F-11D3-BF4B-00C04F79EFBC}") = "Tyuiu.ShadrinEA.Sprint1.Task0.V25", "Tyuiu.ShadrinEA.Sprint1.Task0.V0\Tyuiu.ShadrinEA.Sprint1.Task0.V25.csproj", "{9A7EC063-C80C-41B0-A5BE-8F994BB625AC}"
EndProject
Project("{FAE04EC0-301F-11D3-BF4B-00C04F79EFBC}") = "Tyuiu.ShadrinEA.Sprint1.Task0.V25.Lib", "Tyuiu.ShadrinEA.Sprint1.Task0.V0.Lib\Tyuiu.ShadrinEA.Sprint1.Task0.V25.Lib.csproj", "{0105A8A1-B3B6-4995-8982-95CCF9214D5B}"
EndProject
Project("{FAE04EC0-301F-11D3-BF4B-00C04F79EFBC}") = "Tyuiu.ShadrinEA.Sprint1.Task0.V25.Test", "Tyuiu.ShadrinEA.Sprint1.Task0.V0.Test\Tyuiu.ShadrinEA.Sprint1.Task0.V25.Test.csproj", "{12CD5316-EA15-4E0B-8E03-A04C410A9BE2}"
EndProject
Project("{2150E333-8FDC-42A3-9474-1A3956D46DE8}") = "Task1", "Task1", "{823EAB85-9523-4B6A-A332-0E639C8A1B6D}"
EndProject
Project("{FAE04EC0-301F-11D3-BF4B-00C04F79EFBC}") = "Tyuiu.ShadrinEA.Sprint1.Task1.V24", "Tyuiu.ShadrinEA.Sprint1.Task1.V24\Tyuiu.ShadrinEA.Sprint1.Task1.V24.csproj", "{9C0FF53F-9E57-4C36-8D8C-C35AB5FED01A}"
EndProject
Project("{FAE04EC0-301F-11D3-BF4B-00C04F79EFBC}") = "Tyuiu.ShadrinEA.Sprint1.Task1.V24.Lib", "Tyuiu.ShadrinEA.Sprint1.Task1.V24.Lib\Tyuiu.ShadrinEA.Sprint1.Task1.V24.Lib.csproj", "{921B75DB-BC8C-4193-8D4E-EF08CEDF39B2}"
EndProject
Project("{FAE04EC0-301F-11D3-BF4B-00C04F79EFBC}") = "Tyuiu.ShadrinEA.Sprint1.Task1.V24.Test", "Tyuiu.ShadrinEA.Sprint1.Task1.V24.Test\Tyuiu.ShadrinEA.Sprint1.Task1.V24.Test.csproj", "{871F00EE-84A0-47C0-AC39-6235E52408D0}"
EndProject
Global
	GlobalSection(SolutionConfigurationPlatforms) = preSolution
		Debug|Any CPU = Debug|Any CPU
		Release|Any CPU = Release|Any CPU
	EndGlobalSection
	GlobalSection(ProjectConfigurationPlatforms) = postSolution
		{9A7EC063-C80C-41B0-A5BE-8F994BB625AC}.Debug|Any CPU.ActiveCfg = Debug|Any CPU
		{9A7EC063-C80C-41B0-A5BE-8F994BB625AC}.Debug|Any CPU.Build.0 = Debug|Any CPU
		{9A7EC063-C80C-41B0-A5BE-8F994BB625AC}.Release|Any CPU.ActiveCfg = Release|Any CPU
		{9A7EC063-C80C-41B0-A5BE-8F994BB625AC}.Release|Any CPU.Build.0 = Release|Any CPU
		{0105A8A1-B3B6-4995-8982-95CCF9214D5B}.Debug|Any CPU.ActiveCfg = Debug|Any CPU
		{0105A8A1-B3B6-4995-8982-95CCF9214D5B}.Debug|Any CPU.Build.0 = Debug|Any CPU
		{0105A8A1-B3B6-4995-8982-95CCF9214D5B}.Release|Any CPU.ActiveCfg = Release|Any CPU
		{0105A8A1-B3B6-4995-8982-95CCF9214D5B}.Release|Any CPU.Build.0 = Release|Any CPU
		{12CD5316-EA15-4E0B-8E03-A04C410A9BE2}.Debug|Any CPU.ActiveCfg = Debug|Any CPU
		{12CD5316-EA15-4E0B-8E03-A04C410A9BE2}.Debug|Any CPU.Build.0 = Debug|Any CPU
		{12CD5316-EA15-4E0B-8E03-A04C410A9BE2}.Release|Any CPU.ActiveCfg = Release|Any CPU
		{12CD5316-EA15-4E0B-8E03-A04C410A9BE2}.Release|Any CPU.Build.0 = Release|Any CPU
		{9C0FF53F-9E57-4C36-8D8C-C35AB5FED01A}.Debug|Any CPU.ActiveCfg = Debug|Any CPU
		{9C0FF53F-9E57-4C36-8D8C-C35AB5FED01A}.Debug|Any CPU.Build.0 = Debug|Any CPU
		{9C0FF53F-9E57-4C36-8D8C-C35AB5FED01A}.Release|Any CPU.ActiveCfg = Release|Any CPU
		{9C0FF53F-9E57-4C36-8D8C-C35AB5FED01A}.Release|Any CPU.Build.0 = Release|Any CPU
		{921B75DB-BC8C-4193-8D4E-EF08CEDF39B2}.Debug|Any CPU.ActiveCfg = Debug|Any CPU
		{921B75DB-BC8C-4193-8D4E-EF08CEDF39B2}.Debug|Any CPU.Build.0 = Debug|Any CPU
		{921B75DB-BC8C-4193-8D4E-EF08CEDF39B2}.Release|Any CPU.ActiveCfg = Release|Any CPU
		{921B75DB-BC8C-4193-8D4E-EF08CEDF39B2}.Release|Any CPU.Build.0 = Release|Any CPU
		{871F00EE-84A0-47C0-AC39-6235E52408D0}.Debug|Any CPU.ActiveCfg = Debug|Any CPU
		{871F00EE-84A0-47C0-AC39-6235E52408D0}.Debug|Any CPU.Build.0 = Debug|Any CPU
		{871F00EE-84A0-47C0-AC39-6235E52408D0}.Release|Any CPU.ActiveCfg = Release|Any CPU
		{871F00EE-84A0-47C0-AC39-6235E52408D0}.Release|Any CPU.Build.0 = Release|Any CPU
	EndGlobalSection
	GlobalSection(SolutionProperties) = preSolution
		HideSolutionNode = FALSE
	EndGlobalSection
	GlobalSection(NestedProjects) = preSolution
		{9A7EC063-C80C-41B0-A5BE-8F994BB625AC} = {7C3FADF0-A466-466A-9B48-A33E34403809}
		{0105A8A1-B3B6-4995-8982-95CCF9214D5B} = {7C3FADF0-A466-466A-9B48-A33E34403809}
		{12CD5316-EA15-4E0B-8E03-A04C410A9BE2} = {7C3FADF0-A466-466A-9B48-A33E34403809}
		{9C0FF53F-9E57-4C36-8D8C-C35AB5FED01A} = {823EAB85-9523-4B6A-A332-0E639C8A1B6D}
		{921B75DB-BC8C-4193-8D4E-EF08CEDF39B2} = {823EAB85-9523-4B6A-A332-0E639C8A1B6D}
		{871F00EE-84A0-47C0-AC39-6235E52408D0} = {823EAB85-9523-4B6A-A332-0E639C8A1B6D}
	EndGlobalSection
	GlobalSection(ExtensibilityGlobals) = postSolution
		SolutionGuid = {14D3C47F-30EC-42D9-AF84-3526FFC22C86}
	EndGlobalSection
EndGlobal
